{
  "name": "bartender",
  "lockfileVersion": 2,
  "requires": true,
  "packages": {
    "": {
      "dependencies": {
        "sd-notify": "^2.8.0"
      }
    },
    "node_modules/bindings": {
      "version": "1.5.0",
      "resolved": "https://registry.npmjs.org/bindings/-/bindings-1.5.0.tgz",
      "integrity": "sha512-p2q/t/mhvuOj/UeLlV6566GD/guowlr0hHxClI0W9m7MWYkL1F0hLo+0Aexs9HSPCtR1SXQ0TD3MMKrXZajbiQ==",
      "dependencies": {
        "file-uri-to-path": "1.0.0"
      }
    },
    "node_modules/file-uri-to-path": {
      "version": "1.0.0",
      "resolved": "https://registry.npmjs.org/file-uri-to-path/-/file-uri-to-path-1.0.0.tgz",
      "integrity": "sha512-0Zt+s3L7Vf1biwWZ29aARiVYLx7iMGnEUl9x33fbB/j3jR81u/O2LbqK+Bm1CDSNDKVtJ/YjwY7TUd5SkeLQLw=="
    },
    "node_modules/sd-notify": {
      "version": "2.8.0",
      "resolved": "https://registry.npmjs.org/sd-notify/-/sd-notify-2.8.0.tgz",
      "integrity": "sha512-e+D1v0Y6UzmqXcPlaTkHk1QMdqk36mF/jIYv5gwry/N2Tb8/UNnpfG6ktGLpeBOR6TCC5hPKgqA+0hTl9sm2tA==",
      "hasInstallScript": true,
      "os": [
        "linux",
        "darwin",
        "win32"
      ],
      "dependencies": {
        "bindings": "1.5.0"
      },
      "engines": {
        "node": ">=8.0.0"
      }
    }
  },
  "dependencies": {
    "bindings": {
      "version": "1.5.0",
      "resolved": "https://registry.npmjs.org/bindings/-/bindings-1.5.0.tgz",
      "integrity": "sha512-p2q/t/mhvuOj/UeLlV6566GD/guowlr0hHxClI0W9m7MWYkL1F0hLo+0Aexs9HSPCtR1SXQ0TD3MMKrXZajbiQ==",
      "requires": {
        "file-uri-to-path": "1.0.0"
      }
    },
    "file-uri-to-path": {
      "version": "1.0.0",
      "resolved": "https://registry.npmjs.org/file-uri-to-path/-/file-uri-to-path-1.0.0.tgz",
      "integrity": "sha512-0Zt+s3L7Vf1biwWZ29aARiVYLx7iMGnEUl9x33fbB/j3jR81u/O2LbqK+Bm1CDSNDKVtJ/YjwY7TUd5SkeLQLw=="
    },
    "sd-notify": {
      "version": "2.8.0",
      "resolved": "https://registry.npmjs.org/sd-notify/-/sd-notify-2.8.0.tgz",
      "integrity": "sha512-e+D1v0Y6UzmqXcPlaTkHk1QMdqk36mF/jIYv5gwry/N2Tb8/UNnpfG6ktGLpeBOR6TCC5hPKgqA+0hTl9sm2tA==",
      "requires": {
        "bindings": "1.5.0"
      }
    }
  }
}
